
Microsoft Visual Studio Solution File, Format Version 12.00
# Visual Studio Version 17
VisualStudioVersion = 17.13.35919.96 d17.13
MinimumVisualStudioVersion = 10.0.40219.1
Project("{F184B08F-C81C-45F6-A57F-5ABD9991F28F}") = "Intern", "Intern\Intern.vbproj", "{E460F8BD-DEC2-4C85-A5E6-0D211BB6273B}"
EndProject
Global
	GlobalSection(SolutionConfigurationPlatforms) = preSolution
		Debug|Any CPU = Debug|Any CPU
		Release|Any CPU = Release|Any CPU
	EndGlobalSection
	GlobalSection(ProjectConfigurationPlatforms) = postSolution
		{E460F8BD-DEC2-4C85-A5E6-0D211BB6273B}.Debug|Any CPU.ActiveCfg = Debug|Any CPU
		{E460F8BD-DEC2-4C85-A5E6-0D211BB6273B}.Debug|Any CPU.Build.0 = Debug|Any CPU
		{E460F8BD-DEC2-4C85-A5E6-0D211BB6273B}.Release|Any CPU.ActiveCfg = Release|Any CPU
		{E460F8BD-DEC2-4C85-A5E6-0D211BB6273B}.Release|Any CPU.Build.0 = Release|Any CPU
	EndGlobalSection
	GlobalSection(SolutionProperties) = preSolution
		HideSolutionNode = FALSE
	EndGlobalSection
	GlobalSection(ExtensibilityGlobals) = postSolution
		SolutionGuid = {C7597071-F458-424C-82F0-8666C8BB0B6E}
	EndGlobalSection
EndGlobal
